Microsoft Visual Studio Solution File, Format Version 11.00
# Visual Studio 2008

Project("{20918947-022B-9418-03C7-1CFFB08C407A}") = "Mazescape", "Assembly-CSharp.csproj", "{C9FAD71C-FB44-C6DA-D091-B7A29D1A54ED}"
EndProject
Project("{20918947-022B-9418-03C7-1CFFB08C407A}") = "Mazescape", "Assembly-CSharp-Editor.csproj", "{6DE6F491-0D41-D98B-71DE-9C84FC79FFE0}"
EndProject
Global
	GlobalSection(SolutionConfigurationPlatforms) = preSolution
		Debug|Any CPU = Debug|Any CPU
		Release|Any CPU = Release|Any CPU
	EndGlobalSection
	GlobalSection(ProjectConfigurationPlatforms) = postSolution
		{C9FAD71C-FB44-C6DA-D091-B7A29D1A54ED}.Debug|Any CPU.ActiveCfg = Debug|Any CPU
		{C9FAD71C-FB44-C6DA-D091-B7A29D1A54ED}.Debug|Any CPU.Build.0 = Debug|Any CPU
		{C9FAD71C-FB44-C6DA-D091-B7A29D1A54ED}.Release|Any CPU.ActiveCfg = Release|Any CPU
		{C9FAD71C-FB44-C6DA-D091-B7A29D1A54ED}.Release|Any CPU.Build.0 = Release|Any CPU
		{6DE6F491-0D41-D98B-71DE-9C84FC79FFE0}.Debug|Any CPU.ActiveCfg = Debug|Any CPU
		{6DE6F491-0D41-D98B-71DE-9C84FC79FFE0}.Debug|Any CPU.Build.0 = Debug|Any CPU
		{6DE6F491-0D41-D98B-71DE-9C84FC79FFE0}.Release|Any CPU.ActiveCfg = Release|Any CPU
		{6DE6F491-0D41-D98B-71DE-9C84FC79FFE0}.Release|Any CPU.Build.0 = Release|Any CPU
	EndGlobalSection
	GlobalSection(SolutionProperties) = preSolution
		HideSolutionNode = FALSE
	EndGlobalSection
	GlobalSection(MonoDevelopProperties) = preSolution
		StartupItem = Assembly-CSharp.csproj
	EndGlobalSection
EndGlobal
