
Microsoft Visual Studio Solution File, Format Version 12.00
# Visual Studio 2015
Project("{FAE04EC0-301F-11D3-BF4B-00C04F79EFBC}") = "Mazescape.CSharp", "Mazescape.CSharp.csproj", "{EF175700-23AF-9E33-7262-EE7D8390A25E}"
EndProject
Project("{FAE04EC0-301F-11D3-BF4B-00C04F79EFBC}") = "Mazescape.CSharp.Editor", "Mazescape.CSharp.Editor.csproj", "{98513651-BDA4-D1C5-4165-46A45604881E}"
EndProject
Global
	GlobalSection(SolutionConfigurationPlatforms) = preSolution
		Debug|Any CPU = Debug|Any CPU
		Release|Any CPU = Release|Any CPU
	EndGlobalSection
	GlobalSection(ProjectConfigurationPlatforms) = postSolution
		{EF175700-23AF-9E33-7262-EE7D8390A25E}.Debug|Any CPU.ActiveCfg = Debug|Any CPU
		{EF175700-23AF-9E33-7262-EE7D8390A25E}.Debug|Any CPU.Build.0 = Debug|Any CPU
		{EF175700-23AF-9E33-7262-EE7D8390A25E}.Release|Any CPU.ActiveCfg = Release|Any CPU
		{EF175700-23AF-9E33-7262-EE7D8390A25E}.Release|Any CPU.Build.0 = Release|Any CPU
		{98513651-BDA4-D1C5-4165-46A45604881E}.Debug|Any CPU.ActiveCfg = Debug|Any CPU
		{98513651-BDA4-D1C5-4165-46A45604881E}.Debug|Any CPU.Build.0 = Debug|Any CPU
		{98513651-BDA4-D1C5-4165-46A45604881E}.Release|Any CPU.ActiveCfg = Release|Any CPU
		{98513651-BDA4-D1C5-4165-46A45604881E}.Release|Any CPU.Build.0 = Release|Any CPU
	EndGlobalSection
	GlobalSection(SolutionProperties) = preSolution
		HideSolutionNode = FALSE
	EndGlobalSection
EndGlobal
